<?xml version="1.0" encoding="utf-8"?>
<Project ToolsVersion="4.0" xmlns="http://schemas.microsoft.com/developer/msbuild/2003">
  <ItemGroup>
    <Filter Include="Source Files">
      <UniqueIdentifier>{4FC737F1-C7A5-4376-A066-2A32D752A2FF}</UniqueIdentifier>
      <Extensions>cpp;cxx;c;def</Extensions>
    </Filter>
    <Filter Include="Header Files">
      <UniqueIdentifier>{93995380-89BD-4b04-88EB-625FBE52EBFB}</UniqueIdentifier>
      <Extensions>h</Extensions>
    </Filter>
    <Filter Include="Form Files">
      <UniqueIdentifier>{99349809-55BA-4b9d-BF79-8FDBB0286EB3}</UniqueIdentifier>
      <Extensions>ui</Extensions>
    </Filter>
    <Filter Include="Resource Files">
      <UniqueIdentifier>{D9D6E242-F8AF-46E4-B9FD-80ECBC20BA3E}</UniqueIdentifier>
      <Extensions>qrc;*</Extensions>
      <ParseFiles>false</ParseFiles>
    </Filter>
    <Filter Include="Generated Files">
      <UniqueIdentifier>{71ED8ED8-ACB9-4CE9-BBE1-E00B30144E11}</UniqueIdentifier>
      <Extensions>moc;h;cpp</Extensions>
      <SourceControlFiles>False</SourceControlFiles>
    </Filter>
    <Filter Include="Generated Files\Debug">
      <UniqueIdentifier>{fceecfc8-a1d1-4f59-aee8-571df72a6247}</UniqueIdentifier>
      <Extensions>cpp;moc</Extensions>
      <SourceControlFiles>False</SourceControlFiles>
    </Filter>
    <Filter Include="Generated Files\Release">
      <UniqueIdentifier>{fa081de0-14f3-4259-ab30-0c615023316e}</UniqueIdentifier>
      <Extensions>cpp;moc</Extensions>
      <SourceControlFiles>False</SourceControlFiles>
    </Filter>
    <Filter Include="Source Files\Objects">
      <UniqueIdentifier>{0259b8c6-5ff0-4a24-ab66-61a743e0b916}</UniqueIdentifier>
    </Filter>
    <Filter Include="Source Files\UI">
      <UniqueIdentifier>{7098b053-30ad-402e-835b-4ec71b5d04ac}</UniqueIdentifier>
    </Filter>
    <Filter Include="Header Files\UI">
      <UniqueIdentifier>{b6b1d003-d33c-4172-9195-830c24f1e3c3}</UniqueIdentifier>
    </Filter>
    <Filter Include="Header Files\Objects">
      <UniqueIdentifier>{7cdd74ce-f14c-4c36-9be5-77c6eafd0749}</UniqueIdentifier>
    </Filter>
    <Filter Include="Header Files\Utils">
      <UniqueIdentifier>{55615f0c-fc46-424a-80d0-8f2f0da9aa5f}</UniqueIdentifier>
    </Filter>
    <Filter Include="Header Files\Objects\Curves">
      <UniqueIdentifier>{6fc217f4-b75c-412c-8d99-75396da39268}</UniqueIdentifier>
    </Filter>
    <Filter Include="Source Files\Objects\Curves">
      <UniqueIdentifier>{d6ddba07-d3b0-4cd0-b214-6c9797f4b1ea}</UniqueIdentifier>
    </Filter>
    <Filter Include="Header Files\UI\UI connectors">
      <UniqueIdentifier>{f4341446-3d16-4d53-90a6-2fdeedc582b6}</UniqueIdentifier>
    </Filter>
    <Filter Include="Source Files\UI\Ui Connectors">
      <UniqueIdentifier>{78af1642-7d22-41ee-970f-36705cf020e6}</UniqueIdentifier>
    </Filter>
    <Filter Include="Source Files\UI\ListWidgets">
      <UniqueIdentifier>{b5dc3297-5e24-4511-961f-3700f6959e66}</UniqueIdentifier>
    </Filter>
    <Filter Include="Source Files\UI\ComboBoxes">
      <UniqueIdentifier>{ed6b7611-94f2-4c86-9f7c-734edf90b955}</UniqueIdentifier>
    </Filter>
    <Filter Include="Header Files\UI\ComboBoxes">
      <UniqueIdentifier>{8b324893-bfb3-4750-a928-cc23103e45bb}</UniqueIdentifier>
    </Filter>
    <Filter Include="Header Files\UI\ListWidgets">
      <UniqueIdentifier>{fd161c36-2ffb-49a9-be3a-6e9f370c70d2}</UniqueIdentifier>
    </Filter>
    <Filter Include="Source Files\Utils">
      <UniqueIdentifier>{3f1ede82-d230-4740-be08-5903cb92411c}</UniqueIdentifier>
    </Filter>
    <Filter Include="Header Files\Objects\Surfaces">
      <UniqueIdentifier>{cf537e44-12e3-48df-a766-84143a73f61c}</UniqueIdentifier>
    </Filter>
    <Filter Include="Source Files\Objects\Surfaces">
      <UniqueIdentifier>{76d1a463-44b9-44f2-8a6b-e4533e4d854c}</UniqueIdentifier>
    </Filter>
  </ItemGroup>
  <ItemGroup>
    <ClCompile Include="main.cpp">
      <Filter>Source Files</Filter>
    </ClCompile>
    <ClCompile Include="GeneratedFiles\qrc_modelowaniegeometryczne1.cpp">
      <Filter>Generated Files</Filter>
    </ClCompile>
    <ClCompile Include="camera.cpp">
      <Filter>Source Files</Filter>
    </ClCompile>
    <ClCompile Include="scene.cpp">
      <Filter>Source Files</Filter>
    </ClCompile>
    <ClCompile Include="cursor3d.cpp">
      <Filter>Source Files\Objects</Filter>
    </ClCompile>
    <ClCompile Include="drawableObject.cpp">
      <Filter>Source Files\Objects</Filter>
    </ClCompile>
    <ClCompile Include="point3d.cpp">
      <Filter>Source Files\Objects</Filter>
    </ClCompile>
    <ClCompile Include="torus.cpp">
      <Filter>Source Files\Objects</Filter>
    </ClCompile>
    <ClCompile Include="modelowaniegeometryczne1.cpp">
      <Filter>Source Files\UI</Filter>
    </ClCompile>
    <ClCompile Include="bezierCurveC0.cpp">
      <Filter>Source Files\Objects\Curves</Filter>
    </ClCompile>
    <ClCompile Include="curveQuadratic.cpp">
      <Filter>Source Files\Objects\Curves</Filter>
    </ClCompile>
    <ClCompile Include="curveCubic.cpp">
      <Filter>Source Files\Objects\Curves</Filter>
    </ClCompile>
    <ClCompile Include="GeneratedFiles\Debug\moc_uiPoint3d.cpp">
      <Filter>Generated Files\Debug</Filter>
    </ClCompile>
    <ClCompile Include="GeneratedFiles\Release\moc_uiPoint3d.cpp">
      <Filter>Generated Files\Release</Filter>
    </ClCompile>
    <ClCompile Include="GeneratedFiles\Debug\moc_uiTorus.cpp">
      <Filter>Generated Files\Debug</Filter>
    </ClCompile>
    <ClCompile Include="GeneratedFiles\Release\moc_uiTorus.cpp">
      <Filter>Generated Files\Release</Filter>
    </ClCompile>
    <ClCompile Include="GeneratedFiles\Debug\moc_scene.cpp">
      <Filter>Generated Files\Debug</Filter>
    </ClCompile>
    <ClCompile Include="GeneratedFiles\Release\moc_scene.cpp">
      <Filter>Generated Files\Release</Filter>
    </ClCompile>
    <ClCompile Include="GeneratedFiles\Debug\moc_uiBezierCurveC0.cpp">
      <Filter>Generated Files\Debug</Filter>
    </ClCompile>
    <ClCompile Include="GeneratedFiles\Release\moc_uiBezierCurveC0.cpp">
      <Filter>Generated Files\Release</Filter>
    </ClCompile>
    <ClCompile Include="GeneratedFiles\Debug\moc_uiConnector.cpp">
      <Filter>Generated Files\Debug</Filter>
    </ClCompile>
    <ClCompile Include="GeneratedFiles\Release\moc_uiConnector.cpp">
      <Filter>Generated Files\Release</Filter>
    </ClCompile>
    <ClCompile Include="uiPoint3d.cpp">
      <Filter>Source Files\UI\Ui Connectors</Filter>
    </ClCompile>
    <ClCompile Include="uiTorus.cpp">
      <Filter>Source Files\UI\Ui Connectors</Filter>
    </ClCompile>
    <ClCompile Include="GeneratedFiles\Debug\moc_comboBoxBezierCurveC0.cpp">
      <Filter>Generated Files\Debug</Filter>
    </ClCompile>
    <ClCompile Include="GeneratedFiles\Release\moc_comboBoxBezierCurveC0.cpp">
      <Filter>Generated Files\Release</Filter>
    </ClCompile>
    <ClCompile Include="GeneratedFiles\Debug\moc_comboBoxTorus.cpp">
      <Filter>Generated Files\Debug</Filter>
    </ClCompile>
    <ClCompile Include="GeneratedFiles\Release\moc_comboBoxTorus.cpp">
      <Filter>Generated Files\Release</Filter>
    </ClCompile>
    <ClCompile Include="GeneratedFiles\Debug\moc_myGLWidget.cpp">
      <Filter>Generated Files\Debug</Filter>
    </ClCompile>
    <ClCompile Include="GeneratedFiles\Release\moc_myGLWidget.cpp">
      <Filter>Generated Files\Release</Filter>
    </ClCompile>
    <ClCompile Include="myGLWidget.cpp">
      <Filter>Source Files\UI</Filter>
    </ClCompile>
    <ClCompile Include="uiBezierCurveC0.cpp">
      <Filter>Source Files\UI\Ui Connectors</Filter>
    </ClCompile>
    <ClCompile Include="uiCursor3d.cpp">
      <Filter>Source Files\UI\Ui Connectors</Filter>
    </ClCompile>
    <ClCompile Include="GeneratedFiles\Debug\moc_listWidgetMain.cpp">
      <Filter>Generated Files\Debug</Filter>
    </ClCompile>
    <ClCompile Include="GeneratedFiles\Release\moc_listWidgetMain.cpp">
      <Filter>Generated Files\Release</Filter>
    </ClCompile>
    <ClCompile Include="GeneratedFiles\Debug\moc_listWidgetBC0.cpp">
      <Filter>Generated Files\Debug</Filter>
    </ClCompile>
    <ClCompile Include="GeneratedFiles\Release\moc_listWidgetBC0.cpp">
      <Filter>Generated Files\Release</Filter>
    </ClCompile>
    <ClCompile Include="GeneratedFiles\Debug\moc_listWidgetBC2.cpp">
      <Filter>Generated Files\Debug</Filter>
    </ClCompile>
    <ClCompile Include="GeneratedFiles\Release\moc_listWidgetBC2.cpp">
      <Filter>Generated Files\Release</Filter>
    </ClCompile>
    <ClCompile Include="listWidgetBC0.cpp">
      <Filter>Source Files\UI\ListWidgets</Filter>
    </ClCompile>
    <ClCompile Include="listWidgetBC2.cpp">
      <Filter>Source Files\UI\ListWidgets</Filter>
    </ClCompile>
    <ClCompile Include="listWidgetMain.cpp">
      <Filter>Source Files\UI\ListWidgets</Filter>
    </ClCompile>
    <ClCompile Include="comboBoxBezierCurveC0.cpp">
      <Filter>Source Files\UI\ComboBoxes</Filter>
    </ClCompile>
    <ClCompile Include="comboBoxTorus.cpp">
      <Filter>Source Files\UI\ComboBoxes</Filter>
    </ClCompile>
    <ClCompile Include="uiBezierCurveC2.cpp">
      <Filter>Source Files\UI\Ui Connectors</Filter>
    </ClCompile>
    <ClCompile Include="GeneratedFiles\Debug\moc_uiBezierCurveC2.cpp">
      <Filter>Generated Files\Debug</Filter>
    </ClCompile>
    <ClCompile Include="GeneratedFiles\Release\moc_uiBezierCurveC2.cpp">
      <Filter>Generated Files\Release</Filter>
    </ClCompile>
    <ClCompile Include="bezierCurveC2.cpp">
      <Filter>Source Files\Objects\Curves</Filter>
    </ClCompile>
    <ClCompile Include="float3.cpp">
      <Filter>Source Files\Utils</Filter>
    </ClCompile>
    <ClCompile Include="colors.cpp">
      <Filter>Source Files\Utils</Filter>
    </ClCompile>
    <ClCompile Include="GeneratedFiles\Debug\moc_uiCursor3d.cpp">
      <Filter>Generated Files\Debug</Filter>
    </ClCompile>
    <ClCompile Include="GeneratedFiles\Release\moc_uiCursor3d.cpp">
      <Filter>Generated Files\Release</Filter>
    </ClCompile>
    <ClCompile Include="bezierC2Interpolated.cpp">
      <Filter>Source Files\Objects\Curves</Filter>
    </ClCompile>
    <ClCompile Include="uiBezierC2Interpolated.cpp">
      <Filter>Source Files\UI\Ui Connectors</Filter>
    </ClCompile>
    <ClCompile Include="GeneratedFiles\Debug\moc_uiBezierC2Interpolated.cpp">
      <Filter>Generated Files\Debug</Filter>
    </ClCompile>
    <ClCompile Include="GeneratedFiles\Release\moc_uiBezierC2Interpolated.cpp">
      <Filter>Generated Files\Release</Filter>
    </ClCompile>
    <ClCompile Include="bezierPatch.cpp">
      <Filter>Source Files\Objects\Surfaces</Filter>
    </ClCompile>
    <ClCompile Include="bezierSurfaceC0.cpp">
      <Filter>Source Files\Objects\Surfaces</Filter>
    </ClCompile>
    <ClCompile Include="bezierSurface.cpp">
      <Filter>Source Files\Objects\Surfaces</Filter>
    </ClCompile>
    <ClCompile Include="uiBezierSurface.cpp">
      <Filter>Source Files\UI\Ui Connectors</Filter>
    </ClCompile>
    <ClCompile Include="GeneratedFiles\Debug\moc_uiBezierSurface.cpp">
      <Filter>Generated Files\Debug</Filter>
    </ClCompile>
    <ClCompile Include="GeneratedFiles\Release\moc_uiBezierSurface.cpp">
      <Filter>Generated Files\Release</Filter>
    </ClCompile>
    <ClCompile Include="UiBezierSurfaceC0.cpp">
      <Filter>Source Files\UI\Ui Connectors</Filter>
    </ClCompile>
    <ClCompile Include="uiBezierSurfaceC2.cpp">
      <Filter>Source Files\UI\Ui Connectors</Filter>
    </ClCompile>
    <ClCompile Include="bezierSurfaceC2.cpp">
      <Filter>Source Files\Objects\Surfaces</Filter>
    </ClCompile>
    <ClCompile Include="comboBoxBezierSurface.cpp">
      <Filter>Source Files\UI\ComboBoxes</Filter>
    </ClCompile>
    <ClCompile Include="GeneratedFiles\Debug\moc_comboBoxBezierSurface.cpp">
      <Filter>Generated Files\Debug</Filter>
    </ClCompile>
    <ClCompile Include="listWidgetBezierSurface.cpp">
      <Filter>Source Files\UI\ListWidgets</Filter>
    </ClCompile>
    <ClCompile Include="GeneratedFiles\Debug\moc_listWidgetBezierSurface.cpp">
      <Filter>Generated Files\Debug</Filter>
    </ClCompile>
    <ClCompile Include="GeneratedFiles\Release\moc_listWidgetBezierSurface.cpp">
      <Filter>Generated Files\Release</Filter>
    </ClCompile>
    <ClCompile Include="GeneratedFiles\Release\moc_comboBoxBezierSurface.cpp">
      <Filter>Generated Files\Release</Filter>
    </ClCompile>
    <ClCompile Include="GeneratedFiles\Debug\moc_bezierSurfaceSettings.cpp">
      <Filter>Generated Files\Debug</Filter>
    </ClCompile>
    <ClCompile Include="GeneratedFiles\Release\moc_bezierSurfaceSettings.cpp">
      <Filter>Generated Files\Release</Filter>
    </ClCompile>
    <ClCompile Include="bezierSurfaceSettings.cpp">
      <Filter>Source Files\UI</Filter>
    </ClCompile>
    <ClCompile Include="Intersections.cpp">
      <Filter>Source Files</Filter>
    </ClCompile>
    <ClCompile Include="trimmingCurve.cpp">
      <Filter>Source Files\Objects</Filter>
    </ClCompile>
    <ClCompile Include="uiTrimmingCurve.cpp">
      <Filter>Source Files\UI\Ui Connectors</Filter>
    </ClCompile>
    <ClCompile Include="GeneratedFiles\Debug\moc_uiTrimmingCurve.cpp">
      <Filter>Generated Files\Debug</Filter>
    </ClCompile>
    <ClCompile Include="GeneratedFiles\Release\moc_uiTrimmingCurve.cpp">
      <Filter>Generated Files\Release</Filter>
    </ClCompile>
    <ClCompile Include="axes.cpp">
      <Filter>Source Files\Objects</Filter>
    </ClCompile>
    <ClCompile Include="uiAxes.cpp">
      <Filter>Source Files\UI</Filter>
    </ClCompile>
    <ClCompile Include="GeneratedFiles\Debug\moc_uiAxes.cpp">
      <Filter>Generated Files\Debug</Filter>
    </ClCompile>
    <ClCompile Include="GeneratedFiles\Release\moc_uiAxes.cpp">
      <Filter>Generated Files\Release</Filter>
    </ClCompile>
    <ClCompile Include="GeneratedFiles\Debug\moc_modelowaniegeometryczne1.cpp">
      <Filter>Generated Files\Debug</Filter>
    </ClCompile>
    <ClCompile Include="GeneratedFiles\Release\moc_modelowaniegeometryczne1.cpp">
      <Filter>Generated Files\Release</Filter>
    </ClCompile>
    <ClCompile Include="intersectableObject.cpp">
      <Filter>Source Files</Filter>
    </ClCompile>
    <ClCompile Include="parametrizationViewer.cpp">
      <Filter>Source Files\UI</Filter>
    </ClCompile>
    <ClCompile Include="formPV.cpp">
      <Filter>Source Files\UI</Filter>
    </ClCompile>
    <ClCompile Include="GeneratedFiles\Debug\moc_formPV.cpp">
      <Filter>Generated Files\Debug</Filter>
    </ClCompile>
    <ClCompile Include="GeneratedFiles\Release\moc_formPV.cpp">
      <Filter>Generated Files\Release</Filter>
    </ClCompile>
  </ItemGroup>
  <ItemGroup>
    <CustomBuild Include="modelowaniegeometryczne1.ui">
      <Filter>Form Files</Filter>
    </CustomBuild>
    <CustomBuild Include="modelowaniegeometryczne1.qrc">
      <Filter>Resource Files</Filter>
    </CustomBuild>
    <CustomBuild Include="myglwidget.ui">
      <Filter>Form Files</Filter>
    </CustomBuild>
    <CustomBuild Include="modelowaniegeometryczne1.h">
      <Filter>Header Files\UI</Filter>
    </CustomBuild>
    <CustomBuild Include="scene.h">
      <Filter>Header Files</Filter>
    </CustomBuild>
    <CustomBuild Include="uiConnector.h">
      <Filter>Header Files\UI\UI connectors</Filter>
    </CustomBuild>
    <CustomBuild Include="uiPoint3d.h">
      <Filter>Header Files\UI\UI connectors</Filter>
    </CustomBuild>
    <CustomBuild Include="uiTorus.h">
      <Filter>Header Files\UI\UI connectors</Filter>
    </CustomBuild>
    <CustomBuild Include="uiBezierCurveC0.h">
      <Filter>Header Files\UI\UI connectors</Filter>
    </CustomBuild>
    <CustomBuild Include="myGLWidget.h">
      <Filter>Header Files\UI</Filter>
    </CustomBuild>
    <CustomBuild Include="uiCursor3d.h">
      <Filter>Header Files\UI\UI connectors</Filter>
    </CustomBuild>
    <CustomBuild Include="comboBoxBezierCurveC0.h">
      <Filter>Header Files\UI\ComboBoxes</Filter>
    </CustomBuild>
    <CustomBuild Include="comboBoxTorus.h">
      <Filter>Header Files\UI\ComboBoxes</Filter>
    </CustomBuild>
    <CustomBuild Include="listWidgetBC0.h">
      <Filter>Header Files\UI\ListWidgets</Filter>
    </CustomBuild>
    <CustomBuild Include="listWidgetBC2.h">
      <Filter>Header Files\UI\ListWidgets</Filter>
    </CustomBuild>
    <CustomBuild Include="listWidgetMain.h">
      <Filter>Header Files\UI\ListWidgets</Filter>
    </CustomBuild>
    <CustomBuild Include="uiBezierCurveC2.h">
      <Filter>Header Files\UI\UI connectors</Filter>
    </CustomBuild>
    <CustomBuild Include="uiBezierC2Interpolated.h">
      <Filter>Header Files\UI\UI connectors</Filter>
    </CustomBuild>
    <CustomBuild Include="uiBezierSurface.h">
      <Filter>Header Files\UI\UI connectors</Filter>
    </CustomBuild>
    <CustomBuild Include="comboBoxBezierSurface.h">
      <Filter>Header Files\UI\ComboBoxes</Filter>
    </CustomBuild>
    <CustomBuild Include="listWidgetBezierSurface.h">
      <Filter>Header Files\UI\ListWidgets</Filter>
    </CustomBuild>
    <CustomBuild Include="GeneratedFiles\bezierSurfaceSettings.ui">
      <Filter>Form Files</Filter>
    </CustomBuild>
    <CustomBuild Include="bezierSurfaceSettings.h">
      <Filter>Header Files\UI</Filter>
    </CustomBuild>
    <CustomBuild Include="uiTrimmingCurve.h">
      <Filter>Header Files\UI\UI connectors</Filter>
    </CustomBuild>
    <CustomBuild Include="uiAxes.h">
      <Filter>Header Files\UI\UI connectors</Filter>
    </CustomBuild>
    <CustomBuild Include="parametrizationViewer.h">
      <Filter>Header Files\UI</Filter>
    </CustomBuild>
    <CustomBuild Include="formPV.h">
      <Filter>Header Files\UI</Filter>
    </CustomBuild>
    <CustomBuild Include="GeneratedFiles\formPV.ui">
      <Filter>Form Files</Filter>
    </CustomBuild>
  </ItemGroup>
  <ItemGroup>
    <ClInclude Include="GeneratedFiles\ui_modelowaniegeometryczne1.h">
      <Filter>Generated Files</Filter>
    </ClInclude>
    <ClInclude Include="GeneratedFiles\ui_myglwidget.h">
      <Filter>Generated Files</Filter>
    </ClInclude>
    <ClInclude Include="camera.h">
      <Filter>Header Files</Filter>
    </ClInclude>
    <ClInclude Include="cursor3d.h">
      <Filter>Header Files\Objects</Filter>
    </ClInclude>
    <ClInclude Include="drawableObject.h">
      <Filter>Header Files\Objects</Filter>
    </ClInclude>
    <ClInclude Include="point3d.h">
      <Filter>Header Files\Objects</Filter>
    </ClInclude>
    <ClInclude Include="torus.h">
      <Filter>Header Files\Objects</Filter>
    </ClInclude>
    <ClInclude Include="utils.h">
      <Filter>Header Files\Utils</Filter>
    </ClInclude>
    <ClInclude Include="bezierCurveC0.h">
      <Filter>Header Files\Objects\Curves</Filter>
    </ClInclude>
    <ClInclude Include="curve.h">
      <Filter>Header Files\Objects\Curves</Filter>
    </ClInclude>
    <ClInclude Include="curveCubic.h">
      <Filter>Header Files\Objects\Curves</Filter>
    </ClInclude>
    <ClInclude Include="curveQuadratic.h">
      <Filter>Header Files\Objects\Curves</Filter>
    </ClInclude>
    <ClInclude Include="utilsUi.h">
      <Filter>Header Files\Utils</Filter>
    </ClInclude>
    <ClInclude Include="colors.h">
      <Filter>Header Files\Utils</Filter>
    </ClInclude>
    <ClInclude Include="bezierCurveC2.h">
      <Filter>Header Files\Objects\Curves</Filter>
    </ClInclude>
    <ClInclude Include="3dmath.h">
      <Filter>Header Files\Utils</Filter>
    </ClInclude>
    <ClInclude Include="float3.h">
      <Filter>Header Files\Utils</Filter>
    </ClInclude>
    <ClInclude Include="bezierC2Interpolated.h">
      <Filter>Header Files\Objects\Curves</Filter>
    </ClInclude>
    <ClInclude Include="bezierPatch.h">
      <Filter>Header Files\Objects\Surfaces</Filter>
    </ClInclude>
    <ClInclude Include="bezierSurface.h">
      <Filter>Header Files\Objects\Surfaces</Filter>
    </ClInclude>
    <ClInclude Include="bezierSurfaceC0.h">
      <Filter>Header Files\Objects\Surfaces</Filter>
    </ClInclude>
    <ClInclude Include="uiBezierSurfaceC0.h">
      <Filter>Header Files\UI\UI connectors</Filter>
    </ClInclude>
    <ClInclude Include="uiBezierSurfaceC2.h">
      <Filter>Header Files\UI\UI connectors</Filter>
    </ClInclude>
    <ClInclude Include="bezierSurfaceC2.h">
      <Filter>Header Files\Objects\Surfaces</Filter>
    </ClInclude>
    <ClInclude Include="GeneratedFiles\ui_bezierSurfaceSettings.h">
      <Filter>Generated Files</Filter>
    </ClInclude>
    <ClInclude Include="intersectableObject.h">
      <Filter>Header Files\Objects</Filter>
    </ClInclude>
    <ClInclude Include="Intersections.h">
      <Filter>Header Files</Filter>
    </ClInclude>
    <ClInclude Include="trimmingCurve.h">
      <Filter>Header Files\Objects</Filter>
    </ClInclude>
    <ClInclude Include="axes.h">
      <Filter>Header Files\Objects</Filter>
    </ClInclude>
    <ClInclude Include="fileManager.h">
      <Filter>Header Files</Filter>
    </ClInclude>
    <ClInclude Include="GeneratedFiles\ui_formPV.h">
      <Filter>Generated Files</Filter>
    </ClInclude>
  </ItemGroup>
</Project>